// !$*UTF8*$!
{
	archiveVersion = 1;
	classes = {
	};
	objectVersion = 56;
	objects = {

/* Begin PBXBuildFile section */
		66B2F49D2FE2344B00409853 /* RunSessionDetailView.swift in Sources */ = {isa = PBXBuildFile; fileRef = 66B2F49C2FE2344A00409853 /* RunSessionDetailView.swift */; };
		66B64BDA2F3B54AD0046DB87 /* MotivationRunApp.swift in Sources */ = {isa = PBXBuildFile; fileRef = 66B64BD92F3B54AD0046DB87 /* MotivationRunApp.swift */; };
		66B64BDC2F3B54AD0046DB87 /* ContentView.swift in Sources */ = {isa = PBXBuildFile; fileRef = 66B64BDB2F3B54AD0046DB87 /* ContentView.swift */; };
		66B64BDE2F3B54B30046DB87 /* Assets.xcassets in Resources */ = {isa = PBXBuildFile; fileRef = 66B64BDD2F3B54B30046DB87 /* Assets.xcassets */; };
		66B64BE12F3B54B30046DB87 /* Preview Assets.xcassets in Resources */ = {isa = PBXBuildFile; fileRef = 66B64BE02F3B54B30046DB87 /* Preview Assets.xcassets */; };
		66B64BEB2F3B54B30046DB87 /* MotivationRunTests.swift in Sources */ = {isa = PBXBuildFile; fileRef = 66B64BEA2F3B54B30046DB87 /* MotivationRunTests.swift */; };
		66B64BF52F3B54B30046DB87 /* MotivationRunUITests.swift in Sources */ = {isa = PBXBuildFile; fileRef = 66B64BF42F3B54B30046DB87 /* MotivationRunUITests.swift */; };
		66B64BF72F3B54B30046DB87 /* MotivationRunUITestsLaunchTests.swift in Sources */ = {isa = PBXBuildFile; fileRef = 66B64BF62F3B54B30046DB87 /* MotivationRunUITestsLaunchTests.swift */; };
		66B64C0C2F3EB2740046DB87 /* WidgetKit.framework in Frameworks */ = {isa = PBXBuildFile; fileRef = 66B64C0B2F3EB2740046DB87 /* WidgetKit.framework */; };
		66B64C0E2F3EB2740046DB87 /* SwiftUI.framework in Frameworks */ = {isa = PBXBuildFile; fileRef = 66B64C0D2F3EB2740046DB87 /* SwiftUI.framework */; };
		66B64C152F3EB2740046DB87 /* MotivationRunWidget.swift in Sources */ = {isa = PBXBuildFile; fileRef = 66B64C142F3EB2740046DB87 /* MotivationRunWidget.swift */; };
		66B64C172F3EB2740046DB87 /* AppIntent.swift in Sources */ = {isa = PBXBuildFile; fileRef = 66B64C162F3EB2740046DB87 /* AppIntent.swift */; };
		66B64C192F3EB27F0046DB87 /* Assets.xcassets in Resources */ = {isa = PBXBuildFile; fileRef = 66B64C182F3EB27F0046DB87 /* Assets.xcassets */; };
		66B64C1D2F3EB27F0046DB87 /* MotivationRunWidget.appex in Embed Foundation Extensions */ = {isa = PBXBuildFile; fileRef = 66B64C092F3EB2740046DB87 /* MotivationRunWidget.appex */; settings = {ATTRIBUTES = (RemoveHeadersOnCopy, ); }; };
		66B64C282F434FC80046DB87 /* SharedDataManager.swift in Sources */ = {isa = PBXBuildFile; fileRef = 66B64C272F434FC80046DB87 /* SharedDataManager.swift */; };
		66B64C2C2F4360DF0046DB87 /* SharedDataManager.swift in Sources */ = {isa = PBXBuildFile; fileRef = 66B64C272F434FC80046DB87 /* SharedDataManager.swift */; };
		AABBCC001122334455667702 /* Models.swift in Sources */ = {isa = PBXBuildFile; fileRef = AABBCC001122334455667701 /* Models.swift */; };
		AABBCC001122334455667703 /* Models.swift in Sources */ = {isa = PBXBuildFile; fileRef = AABBCC001122334455667701 /* Models.swift */; };
		AABBCC001122334455667705 /* HealthKitService.swift in Sources */ = {isa = PBXBuildFile; fileRef = AABBCC001122334455667704 /* HealthKitService.swift */; };
		AABBCC001122334455667707 /* HealthKit.framework in Frameworks */ = {isa = PBXBuildFile; fileRef = AABBCC001122334455667706 /* HealthKit.framework */; };
		AABBCC001122334455667709 /* NotificationManager.swift in Sources */ = {isa = PBXBuildFile; fileRef = AABBCC001122334455667708 /* NotificationManager.swift */; };
		AABBCC00112233445566770B /* LocalizedStrings.swift in Sources */ = {isa = PBXBuildFile; fileRef = AABBCC00112233445566770A /* LocalizedStrings.swift */; };
		AABBCC00112233445566770C /* LocalizedStrings.swift in Sources */ = {isa = PBXBuildFile; fileRef = AABBCC00112233445566770A /* LocalizedStrings.swift */; };
		AABBCC00112233445566770E /* LogView.swift in Sources */ = {isa = PBXBuildFile; fileRef = AABBCC00112233445566770D /* LogView.swift */; };
		AABBCC001122334455667710 /* StoreManager.swift in Sources */ = {isa = PBXBuildFile; fileRef = AABBCC00112233445566770F /* StoreManager.swift */; };
		AABBCC001122334455667713 /* StoreKit.framework in Frameworks */ = {isa = PBXBuildFile; fileRef = AABBCC001122334455667712 /* StoreKit.framework */; };
		AABBCC001122334455667731 /* Pretendard-Light.otf in Resources */ = {isa = PBXBuildFile; fileRef = AABBCC001122334455667721 /* Pretendard-Light.otf */; };
		AABBCC001122334455667732 /* Pretendard-Regular.otf in Resources */ = {isa = PBXBuildFile; fileRef = AABBCC001122334455667722 /* Pretendard-Regular.otf */; };
		AABBCC001122334455667733 /* Pretendard-Medium.otf in Resources */ = {isa = PBXBuildFile; fileRef = AABBCC001122334455667723 /* Pretendard-Medium.otf */; };
		AABBCC001122334455667734 /* Pretendard-SemiBold.otf in Resources */ = {isa = PBXBuildFile; fileRef = AABBCC001122334455667724 /* Pretendard-SemiBold.otf */; };
		AABBCC001122334455667735 /* Pretendard-Bold.otf in Resources */ = {isa = PBXBuildFile; fileRef = AABBCC001122334455667725 /* Pretendard-Bold.otf */; };
		AABBCC001122334455667736 /* Pretendard-ExtraBold.otf in Resources */ = {isa = PBXBuildFile; fileRef = AABBCC001122334455667726 /* Pretendard-ExtraBold.otf */; };
		AABBCC001122334455667741 /* ModernComponents.swift in Sources */ = {isa = PBXBuildFile; fileRef = AABBCC001122334455667740 /* ModernComponents.swift */; };
		AABBCC001122334455667743 /* PhotoGalleryView.swift in Sources */ = {isa = PBXBuildFile; fileRef = AABBCC001122334455667742 /* PhotoGalleryView.swift */; };
/* End PBXBuildFile section */

/* Begin PBXContainerItemProxy section */
		66B64BE72F3B54B30046DB87 /* PBXContainerItemProxy */ = {
			isa = PBXContainerItemProxy;
			containerPortal = 66B64BCE2F3B54AD0046DB87 /* Project object */;
			proxyType = 1;
			remoteGlobalIDString = 66B64BD52F3B54AD0046DB87;
			remoteInfo = MotivationRun;
		};
		66B64BF12F3B54B30046DB87 /* PBXContainerItemProxy */ = {
			isa = PBXContainerItemProxy;
			containerPortal = 66B64BCE2F3B54AD0046DB87 /* Project object */;
			proxyType = 1;
			remoteGlobalIDString = 66B64BD52F3B54AD0046DB87;
			remoteInfo = MotivationRun;
		};
		66B64C1B2F3EB27F0046DB87 /* PBXContainerItemProxy */ = {
			isa = PBXContainerItemProxy;
			containerPortal = 66B64BCE2F3B54AD0046DB87 /* Project object */;
			proxyType = 1;
			remoteGlobalIDString = 66B64C082F3EB2740046DB87;
			remoteInfo = MotivationRunWidgetExtension;
		};
/* End PBXContainerItemProxy section */

/* Begin PBXCopyFilesBuildPhase section */
		66B64C212F3EB27F0046DB87 /* Embed Foundation Extensions */ = {
			isa = PBXCopyFilesBuildPhase;
			buildActionMask = 2147483647;
			dstPath = "";
			dstSubfolderSpec = 13;
			files = (
				66B64C1D2F3EB27F0046DB87 /* MotivationRunWidget.appex in Embed Foundation Extensions */,
			);
			name = "Embed Foundation Extensions";
			runOnlyForDeploymentPostprocessing = 0;
		};
/* End PBXCopyFilesBuildPhase section */

/* Begin PBXFileReference section */
		66B2F49C2FE2344A00409853 /* RunSessionDetailView.swift */ = {isa = PBXFileReference; fileEncoding = 4; lastKnownFileType = sourcecode.swift; path = RunSessionDetailView.swift; sourceTree = "<group>"; };
		66B64BD62F3B54AD0046DB87 /* MotivationRun.app */ = {isa = PBXFileReference; explicitFileType = wrapper.application; includeInIndex = 0; path = MotivationRun.app; sourceTree = BUILT_PRODUCTS_DIR; };
		66B64BD92F3B54AD0046DB87 /* MotivationRunApp.swift */ = {isa = PBXFileReference; lastKnownFileType = sourcecode.swift; path = MotivationRunApp.swift; sourceTree = "<group>"; };
		66B64BDB2F3B54AD0046DB87 /* ContentView.swift */ = {isa = PBXFileReference; lastKnownFileType = sourcecode.swift; path = ContentView.swift; sourceTree = "<group>"; };
		66B64BDD2F3B54B30046DB87 /* Assets.xcassets */ = {isa = PBXFileReference; lastKnownFileType = folder.assetcatalog; path = Assets.xcassets; sourceTree = "<group>"; };
		66B64BE02F3B54B30046DB87 /* Preview Assets.xcassets */ = {isa = PBXFileReference; lastKnownFileType = folder.assetcatalog; path = "Preview Assets.xcassets"; sourceTree = "<group>"; };
		66B64BE62F3B54B30046DB87 /* MotivationRunTests.xctest */ = {isa = PBXFileReference; explicitFileType = wrapper.cfbundle; includeInIndex = 0; path = MotivationRunTests.xctest; sourceTree = BUILT_PRODUCTS_DIR; };
		66B64BEA2F3B54B30046DB87 /* MotivationRunTests.swift */ = {isa = PBXFileReference; lastKnownFileType = sourcecode.swift; path = MotivationRunTests.swift; sourceTree = "<group>"; };
		66B64BF02F3B54B30046DB87 /* MotivationRunUITests.xctest */ = {isa = PBXFileReference; explicitFileType = wrapper.cfbundle; includeInIndex = 0; path = MotivationRunUITests.xctest; sourceTree = BUILT_PRODUCTS_DIR; };
		66B64BF42F3B54B30046DB87 /* MotivationRunUITests.swift */ = {isa = PBXFileReference; lastKnownFileType = sourcecode.swift; path = MotivationRunUITests.swift; sourceTree = "<group>"; };
		66B64BF62F3B54B30046DB87 /* MotivationRunUITestsLaunchTests.swift */ = {isa = PBXFileReference; lastKnownFileType = sourcecode.swift; path = MotivationRunUITestsLaunchTests.swift; sourceTree = "<group>"; };
		66B64C032F3EB1EE0046DB87 /* Info.plist */ = {isa = PBXFileReference; lastKnownFileType = text.plist; path = Info.plist; sourceTree = "<group>"; };
		66B64C042F3EB22D0046DB87 /* MotivationRun.entitlements */ = {isa = PBXFileReference; lastKnownFileType = text.plist.entitlements; path = MotivationRun.entitlements; sourceTree = "<group>"; };
		66B64C092F3EB2740046DB87 /* MotivationRunWidget.appex */ = {isa = PBXFileReference; explicitFileType = "wrapper.app-extension"; includeInIndex = 0; path = MotivationRunWidget.appex; sourceTree = BUILT_PRODUCTS_DIR; };
		66B64C0B2F3EB2740046DB87 /* WidgetKit.framework */ = {isa = PBXFileReference; lastKnownFileType = wrapper.framework; name = WidgetKit.framework; path = System/Library/Frameworks/WidgetKit.framework; sourceTree = SDKROOT; };
		66B64C0D2F3EB2740046DB87 /* SwiftUI.framework */ = {isa = PBXFileReference; lastKnownFileType = wrapper.framework; name = SwiftUI.framework; path = System/Library/Frameworks/SwiftUI.framework; sourceTree = SDKROOT; };
		66B64C142F3EB2740046DB87 /* MotivationRunWidget.swift */ = {isa = PBXFileReference; lastKnownFileType = sourcecode.swift; path = MotivationRunWidget.swift; sourceTree = "<group>"; };
		66B64C162F3EB2740046DB87 /* AppIntent.swift */ = {isa = PBXFileReference; lastKnownFileType = sourcecode.swift; path = AppIntent.swift; sourceTree = "<group>"; };
		66B64C182F3EB27F0046DB87 /* Assets.xcassets */ = {isa = PBXFileReference; lastKnownFileType = folder.assetcatalog; path = Assets.xcassets; sourceTree = "<group>"; };
		66B64C1A2F3EB27F0046DB87 /* Info.plist */ = {isa = PBXFileReference; lastKnownFileType = text.plist.xml; path = Info.plist; sourceTree = "<group>"; };
		66B64C222F3EB28C0046DB87 /* MotivationRunWidgetExtension.entitlements */ = {isa = PBXFileReference; lastKnownFileType = text.plist.entitlements; path = MotivationRunWidgetExtension.entitlements; sourceTree = "<group>"; };
		66B64C272F434FC80046DB87 /* SharedDataManager.swift */ = {isa = PBXFileReference; lastKnownFileType = sourcecode.swift; path = SharedDataManager.swift; sourceTree = "<group>"; };
		AABBCC001122334455667701 /* Models.swift */ = {isa = PBXFileReference; lastKnownFileType = sourcecode.swift; path = Models.swift; sourceTree = "<group>"; };
		AABBCC001122334455667704 /* HealthKitService.swift */ = {isa = PBXFileReference; lastKnownFileType = sourcecode.swift; path = HealthKitService.swift; sourceTree = "<group>"; };
		AABBCC001122334455667706 /* HealthKit.framework */ = {isa = PBXFileReference; lastKnownFileType = wrapper.framework; name = HealthKit.framework; path = System/Library/Frameworks/HealthKit.framework; sourceTree = SDKROOT; };
		AABBCC001122334455667708 /* NotificationManager.swift */ = {isa = PBXFileReference; lastKnownFileType = sourcecode.swift; path = NotificationManager.swift; sourceTree = "<group>"; };
		AABBCC00112233445566770A /* LocalizedStrings.swift */ = {isa = PBXFileReference; lastKnownFileType = sourcecode.swift; path = LocalizedStrings.swift; sourceTree = "<group>"; };
		AABBCC00112233445566770D /* LogView.swift */ = {isa = PBXFileReference; lastKnownFileType = sourcecode.swift; path = LogView.swift; sourceTree = "<group>"; };
		AABBCC00112233445566770F /* StoreManager.swift */ = {isa = PBXFileReference; lastKnownFileType = sourcecode.swift; path = StoreManager.swift; sourceTree = "<group>"; };
		AABBCC001122334455667711 /* Products.storekit */ = {isa = PBXFileReference; lastKnownFileType = text; path = Products.storekit; sourceTree = "<group>"; };
		AABBCC001122334455667712 /* StoreKit.framework */ = {isa = PBXFileReference; lastKnownFileType = wrapper.framework; name = StoreKit.framework; path = System/Library/Frameworks/StoreKit.framework; sourceTree = SDKROOT; };
		AABBCC001122334455667721 /* Pretendard-Light.otf */ = {isa = PBXFileReference; lastKnownFileType = file; path = "Pretendard-Light.otf"; sourceTree = "<group>"; };
		AABBCC001122334455667722 /* Pretendard-Regular.otf */ = {isa = PBXFileReference; lastKnownFileType = file; path = "Pretendard-Regular.otf"; sourceTree = "<group>"; };
		AABBCC001122334455667723 /* Pretendard-Medium.otf */ = {isa = PBXFileReference; lastKnownFileType = file; path = "Pretendard-Medium.otf"; sourceTree = "<group>"; };
		AABBCC001122334455667724 /* Pretendard-SemiBold.otf */ = {isa = PBXFileReference; lastKnownFileType = file; path = "Pretendard-SemiBold.otf"; sourceTree = "<group>"; };
		AABBCC001122334455667725 /* Pretendard-Bold.otf */ = {isa = PBXFileReference; lastKnownFileType = file; path = "Pretendard-Bold.otf"; sourceTree = "<group>"; };
		AABBCC001122334455667726 /* Pretendard-ExtraBold.otf */ = {isa = PBXFileReference; lastKnownFileType = file; path = "Pretendard-ExtraBold.otf"; sourceTree = "<group>"; };
		AABBCC001122334455667740 /* ModernComponents.swift */ = {isa = PBXFileReference; lastKnownFileType = sourcecode.swift; path = ModernComponents.swift; sourceTree = "<group>"; };
		AABBCC001122334455667742 /* PhotoGalleryView.swift */ = {isa = PBXFileReference; lastKnownFileType = sourcecode.swift; path = PhotoGalleryView.swift; sourceTree = "<group>"; };
/* End PBXFileReference section */

/* Begin PBXFrameworksBuildPhase section */
		66B64BD32F3B54AD0046DB87 /* Frameworks */ = {
			isa = PBXFrameworksBuildPhase;
			buildActionMask = 2147483647;
			files = (
				AABBCC001122334455667707 /* HealthKit.framework in Frameworks */,
				AABBCC001122334455667713 /* StoreKit.framework in Frameworks */,
			);
			runOnlyForDeploymentPostprocessing = 0;
		};
		66B64BE32F3B54B30046DB87 /* Frameworks */ = {
			isa = PBXFrameworksBuildPhase;
			buildActionMask = 2147483647;
			files = (
			);
			runOnlyForDeploymentPostprocessing = 0;
		};
		66B64BED2F3B54B30046DB87 /* Frameworks */ = {
			isa = PBXFrameworksBuildPhase;
			buildActionMask = 2147483647;
			files = (
			);
			runOnlyForDeploymentPostprocessing = 0;
		};
		66B64C062F3EB2740046DB87 /* Frameworks */ = {
			isa = PBXFrameworksBuildPhase;
			buildActionMask = 2147483647;
			files = (
				66B64C0E2F3EB2740046DB87 /* SwiftUI.framework in Frameworks */,
				66B64C0C2F3EB2740046DB87 /* WidgetKit.framework in Frameworks */,
			);
			runOnlyForDeploymentPostprocessing = 0;
		};
/* End PBXFrameworksBuildPhase section */

/* Begin PBXGroup section */
		66B64BCD2F3B54AD0046DB87 = {
			isa = PBXGroup;
			children = (
				66B64C222F3EB28C0046DB87 /* MotivationRunWidgetExtension.entitlements */,
				66B64BD82F3B54AD0046DB87 /* MotivationRun */,
				66B64BE92F3B54B30046DB87 /* MotivationRunTests */,
				66B64BF32F3B54B30046DB87 /* MotivationRunUITests */,
				66B64C0F2F3EB2740046DB87 /* MotivationRunWidget */,
				66B64C0A2F3EB2740046DB87 /* Frameworks */,
				66B64BD72F3B54AD0046DB87 /* Products */,
			);
			sourceTree = "<group>";
		};
		66B64BD72F3B54AD0046DB87 /* Products */ = {
			isa = PBXGroup;
			children = (
				66B64BD62F3B54AD0046DB87 /* MotivationRun.app */,
				66B64BE62F3B54B30046DB87 /* MotivationRunTests.xctest */,
				66B64BF02F3B54B30046DB87 /* MotivationRunUITests.xctest */,
				66B64C092F3EB2740046DB87 /* MotivationRunWidget.appex */,
			);
			name = Products;
			sourceTree = "<group>";
		};
		66B64BD82F3B54AD0046DB87 /* MotivationRun */ = {
			isa = PBXGroup;
			children = (
				66B2F49C2FE2344A00409853 /* RunSessionDetailView.swift */,
				66B64C042F3EB22D0046DB87 /* MotivationRun.entitlements */,
				AABBCC001122334455667701 /* Models.swift */,
				AABBCC001122334455667704 /* HealthKitService.swift */,
				AABBCC001122334455667708 /* NotificationManager.swift */,
				AABBCC00112233445566770A /* LocalizedStrings.swift */,
				AABBCC00112233445566770D /* LogView.swift */,
				AABBCC00112233445566770F /* StoreManager.swift */,
				AABBCC001122334455667711 /* Products.storekit */,
				AABBCC001122334455667740 /* ModernComponents.swift */,
				AABBCC001122334455667742 /* PhotoGalleryView.swift */,
				66B64C272F434FC80046DB87 /* SharedDataManager.swift */,
				66B64BD92F3B54AD0046DB87 /* MotivationRunApp.swift */,
				66B64BDB2F3B54AD0046DB87 /* ContentView.swift */,
				66B64C032F3EB1EE0046DB87 /* Info.plist */,
				66B64BDD2F3B54B30046DB87 /* Assets.xcassets */,
				66B64BDF2F3B54B30046DB87 /* Preview Content */,
				AABBCC001122334455667720 /* Fonts */,
			);
			path = MotivationRun;
			sourceTree = "<group>";
		};
		66B64BDF2F3B54B30046DB87 /* Preview Content */ = {
			isa = PBXGroup;
			children = (
				66B64BE02F3B54B30046DB87 /* Preview Assets.xcassets */,
			);
			path = "Preview Content";
			sourceTree = "<group>";
		};
		66B64BE92F3B54B30046DB87 /* MotivationRunTests */ = {
			isa = PBXGroup;
			children = (
				66B64BEA2F3B54B30046DB87 /* MotivationRunTests.swift */,
			);
			path = MotivationRunTests;
			sourceTree = "<group>";
		};
		66B64BF32F3B54B30046DB87 /* MotivationRunUITests */ = {
			isa = PBXGroup;
			children = (
				66B64BF42F3B54B30046DB87 /* MotivationRunUITests.swift */,
				66B64BF62F3B54B30046DB87 /* MotivationRunUITestsLaunchTests.swift */,
			);
			path = MotivationRunUITests;
			sourceTree = "<group>";
		};
		66B64C0A2F3EB2740046DB87 /* Frameworks */ = {
			isa = PBXGroup;
			children = (
				AABBCC001122334455667706 /* HealthKit.framework */,
				AABBCC001122334455667712 /* StoreKit.framework */,
				66B64C0B2F3EB2740046DB87 /* WidgetKit.framework */,
				66B64C0D2F3EB2740046DB87 /* SwiftUI.framework */,
			);
			name = Frameworks;
			sourceTree = "<group>";
		};
		66B64C0F2F3EB2740046DB87 /* MotivationRunWidget */ = {
			isa = PBXGroup;
			children = (
				66B64C142F3EB2740046DB87 /* MotivationRunWidget.swift */,
				66B64C162F3EB2740046DB87 /* AppIntent.swift */,
				66B64C182F3EB27F0046DB87 /* Assets.xcassets */,
				66B64C1A2F3EB27F0046DB87 /* Info.plist */,
			);
			path = MotivationRunWidget;
			sourceTree = "<group>";
		};
		AABBCC001122334455667720 /* Fonts */ = {
			isa = PBXGroup;
			children = (
				AABBCC001122334455667721 /* Pretendard-Light.otf */,
				AABBCC001122334455667722 /* Pretendard-Regular.otf */,
				AABBCC001122334455667723 /* Pretendard-Medium.otf */,
				AABBCC001122334455667724 /* Pretendard-SemiBold.otf */,
				AABBCC001122334455667725 /* Pretendard-Bold.otf */,
				AABBCC001122334455667726 /* Pretendard-ExtraBold.otf */,
			);
			path = Fonts;
			sourceTree = "<group>";
		};
/* End PBXGroup section */

/* Begin PBXNativeTarget section */
		66B64BD52F3B54AD0046DB87 /* MotivationRun */ = {
			isa = PBXNativeTarget;
			buildConfigurationList = 66B64BFA2F3B54B30046DB87 /* Build configuration list for PBXNativeTarget "MotivationRun" */;
			buildPhases = (
				66B64BD22F3B54AD0046DB87 /* Sources */,
				66B64BD32F3B54AD0046DB87 /* Frameworks */,
				66B64BD42F3B54AD0046DB87 /* Resources */,
				66B64C212F3EB27F0046DB87 /* Embed Foundation Extensions */,
			);
			buildRules = (
			);
			dependencies = (
				66B64C1C2F3EB27F0046DB87 /* PBXTargetDependency */,
			);
			name = MotivationRun;
			productName = MotivationRun;
			productReference = 66B64BD62F3B54AD0046DB87 /* MotivationRun.app */;
			productType = "com.apple.product-type.application";
		};
		66B64BE52F3B54B30046DB87 /* MotivationRunTests */ = {
			isa = PBXNativeTarget;
			buildConfigurationList = 66B64BFD2F3B54B30046DB87 /* Build configuration list for PBXNativeTarget "MotivationRunTests" */;
			buildPhases = (
				66B64BE22F3B54B30046DB87 /* Sources */,
				66B64BE32F3B54B30046DB87 /* Frameworks */,
				66B64BE42F3B54B30046DB87 /* Resources */,
			);
			buildRules = (
			);
			dependencies = (
				66B64BE82F3B54B30046DB87 /* PBXTargetDependency */,
			);
			name = MotivationRunTests;
			productName = MotivationRunTests;
			productReference = 66B64BE62F3B54B30046DB87 /* MotivationRunTests.xctest */;
			productType = "com.apple.product-type.bundle.unit-test";
		};
		66B64BEF2F3B54B30046DB87 /* MotivationRunUITests */ = {
			isa = PBXNativeTarget;
			buildConfigurationList = 66B64C002F3B54B30046DB87 /* Build configuration list for PBXNativeTarget "MotivationRunUITests" */;
			buildPhases = (
				66B64BEC2F3B54B30046DB87 /* Sources */,
				66B64BED2F3B54B30046DB87 /* Frameworks */,
				66B64BEE2F3B54B30046DB87 /* Resources */,
			);
			buildRules = (
			);
			dependencies = (
				66B64BF22F3B54B30046DB87 /* PBXTargetDependency */,
			);
			name = MotivationRunUITests;
			productName = MotivationRunUITests;
			productReference = 66B64BF02F3B54B30046DB87 /* MotivationRunUITests.xctest */;
			productType = "com.apple.product-type.bundle.ui-testing";
		};
		66B64C082F3EB2740046DB87 /* MotivationRunWidget */ = {
			isa = PBXNativeTarget;
			buildConfigurationList = 66B64C1E2F3EB27F0046DB87 /* Build configuration list for PBXNativeTarget "MotivationRunWidget" */;
			buildPhases = (
				66B64C052F3EB2740046DB87 /* Sources */,
				66B64C062F3EB2740046DB87 /* Frameworks */,
				66B64C072F3EB2740046DB87 /* Resources */,
			);
			buildRules = (
			);
			dependencies = (
			);
			name = MotivationRunWidget;
			productName = MotivationRunWidgetExtension;
			productReference = 66B64C092F3EB2740046DB87 /* MotivationRunWidget.appex */;
			productType = "com.apple.product-type.app-extension";
		};
/* End PBXNativeTarget section */

/* Begin PBXProject section */
		66B64BCE2F3B54AD0046DB87 /* Project object */ = {
			isa = PBXProject;
			attributes = {
				BuildIndependentTargetsInParallel = 1;
				LastSwiftUpdateCheck = 1540;
				LastUpgradeCheck = 1540;
				TargetAttributes = {
					66B64BD52F3B54AD0046DB87 = {
						CreatedOnToolsVersion = 15.4;
						SystemCapabilities = {
							com.apple.HealthKit = {
								enabled = 1;
							};
							com.apple.InAppPurchase = {
								enabled = 1;
							};
						};
					};
					66B64BE52F3B54B30046DB87 = {
						CreatedOnToolsVersion = 15.4;
						TestTargetID = 66B64BD52F3B54AD0046DB87;
					};
					66B64BEF2F3B54B30046DB87 = {
						CreatedOnToolsVersion = 15.4;
						TestTargetID = 66B64BD52F3B54AD0046DB87;
					};
					66B64C082F3EB2740046DB87 = {
						CreatedOnToolsVersion = 15.4;
					};
				};
			};
			buildConfigurationList = 66B64BD12F3B54AD0046DB87 /* Build configuration list for PBXProject "MotivationRun" */;
			compatibilityVersion = "Xcode 14.0";
			developmentRegion = en;
			hasScannedForEncodings = 0;
			knownRegions = (
				en,
				Base,
			);
			mainGroup = 66B64BCD2F3B54AD0046DB87;
			productRefGroup = 66B64BD72F3B54AD0046DB87 /* Products */;
			projectDirPath = "";
			projectRoot = "";
			targets = (
				66B64BD52F3B54AD0046DB87 /* MotivationRun */,
				66B64BE52F3B54B30046DB87 /* MotivationRunTests */,
				66B64BEF2F3B54B30046DB87 /* MotivationRunUITests */,
				66B64C082F3EB2740046DB87 /* MotivationRunWidget */,
			);
		};
/* End PBXProject section */

/* Begin PBXResourcesBuildPhase section */
		66B64BD42F3B54AD0046DB87 /* Resources */ = {
			isa = PBXResourcesBuildPhase;
			buildActionMask = 2147483647;
			files = (
				66B64BE12F3B54B30046DB87 /* Preview Assets.xcassets in Resources */,
				66B64BDE2F3B54B30046DB87 /* Assets.xcassets in Resources */,
				AABBCC001122334455667731 /* Pretendard-Light.otf in Resources */,
				AABBCC001122334455667732 /* Pretendard-Regular.otf in Resources */,
				AABBCC001122334455667733 /* Pretendard-Medium.otf in Resources */,
				AABBCC001122334455667734 /* Pretendard-SemiBold.otf in Resources */,
				AABBCC001122334455667735 /* Pretendard-Bold.otf in Resources */,
				AABBCC001122334455667736 /* Pretendard-ExtraBold.otf in Resources */,
			);
			runOnlyForDeploymentPostprocessing = 0;
		};
		66B64BE42F3B54B30046DB87 /* Resources */ = {
			isa = PBXResourcesBuildPhase;
			buildActionMask = 2147483647;
			files = (
			);
			runOnlyForDeploymentPostprocessing = 0;
		};
		66B64BEE2F3B54B30046DB87 /* Resources */ = {
			isa = PBXResourcesBuildPhase;
			buildActionMask = 2147483647;
			files = (
			);
			runOnlyForDeploymentPostprocessing = 0;
		};
		66B64C072F3EB2740046DB87 /* Resources */ = {
			isa = PBXResourcesBuildPhase;
			buildActionMask = 2147483647;
			files = (
				66B64C192F3EB27F0046DB87 /* Assets.xcassets in Resources */,
			);
			runOnlyForDeploymentPostprocessing = 0;
		};
/* End PBXResourcesBuildPhase section */

/* Begin PBXSourcesBuildPhase section */
		66B64BD22F3B54AD0046DB87 /* Sources */ = {
			isa = PBXSourcesBuildPhase;
			buildActionMask = 2147483647;
			files = (
				AABBCC001122334455667702 /* Models.swift in Sources */,
				AABBCC001122334455667705 /* HealthKitService.swift in Sources */,
				AABBCC001122334455667709 /* NotificationManager.swift in Sources */,
				AABBCC00112233445566770B /* LocalizedStrings.swift in Sources */,
				66B2F49D2FE2344B00409853 /* RunSessionDetailView.swift in Sources */,
				66B64C282F434FC80046DB87 /* SharedDataManager.swift in Sources */,
				66B64BDC2F3B54AD0046DB87 /* ContentView.swift in Sources */,
				AABBCC00112233445566770E /* LogView.swift in Sources */,
				AABBCC001122334455667710 /* StoreManager.swift in Sources */,
				AABBCC001122334455667741 /* ModernComponents.swift in Sources */,
				AABBCC001122334455667743 /* PhotoGalleryView.swift in Sources */,
				66B64BDA2F3B54AD0046DB87 /* MotivationRunApp.swift in Sources */,
			);
			runOnlyForDeploymentPostprocessing = 0;
		};
		66B64BE22F3B54B30046DB87 /* Sources */ = {
			isa = PBXSourcesBuildPhase;
			buildActionMask = 2147483647;
			files = (
				66B64BEB2F3B54B30046DB87 /* MotivationRunTests.swift in Sources */,
			);
			runOnlyForDeploymentPostprocessing = 0;
		};
		66B64BEC2F3B54B30046DB87 /* Sources */ = {
			isa = PBXSourcesBuildPhase;
			buildActionMask = 2147483647;
			files = (
				66B64BF72F3B54B30046DB87 /* MotivationRunUITestsLaunchTests.swift in Sources */,
				66B64BF52F3B54B30046DB87 /* MotivationRunUITests.swift in Sources */,
			);
			runOnlyForDeploymentPostprocessing = 0;
		};
		66B64C052F3EB2740046DB87 /* Sources */ = {
			isa = PBXSourcesBuildPhase;
			buildActionMask = 2147483647;
			files = (
				AABBCC001122334455667703 /* Models.swift in Sources */,
				66B64C172F3EB2740046DB87 /* AppIntent.swift in Sources */,
				66B64C2C2F4360DF0046DB87 /* SharedDataManager.swift in Sources */,
				66B64C152F3EB2740046DB87 /* MotivationRunWidget.swift in Sources */,
				AABBCC00112233445566770C /* LocalizedStrings.swift in Sources */,
			);
			runOnlyForDeploymentPostprocessing = 0;
		};
/* End PBXSourcesBuildPhase section */

/* Begin PBXTargetDependency section */
		66B64BE82F3B54B30046DB87 /* PBXTargetDependency */ = {
			isa = PBXTargetDependency;
			target = 66B64BD52F3B54AD0046DB87 /* MotivationRun */;
			targetProxy = 66B64BE72F3B54B30046DB87 /* PBXContainerItemProxy */;
		};
		66B64BF22F3B54B30046DB87 /* PBXTargetDependency */ = {
			isa = PBXTargetDependency;
			target = 66B64BD52F3B54AD0046DB87 /* MotivationRun */;
			targetProxy = 66B64BF12F3B54B30046DB87 /* PBXContainerItemProxy */;
		};
		66B64C1C2F3EB27F0046DB87 /* PBXTargetDependency */ = {
			isa = PBXTargetDependency;
			target = 66B64C082F3EB2740046DB87 /* MotivationRunWidget */;
			targetProxy = 66B64C1B2F3EB27F0046DB87 /* PBXContainerItemProxy */;
		};
/* End PBXTargetDependency section */

/* Begin XCBuildConfiguration section */
		66B64BF82F3B54B30046DB87 /* Debug */ = {
			isa = XCBuildConfiguration;
			buildSettings = {
				ALWAYS_SEARCH_USER_PATHS = NO;
				ASSETCATALOG_COMPILER_GENERATE_SWIFT_ASSET_SYMBOL_EXTENSIONS = YES;
				CLANG_ANALYZER_NONNULL = YES;
				CLANG_ANALYZER_NUMBER_OBJECT_CONVERSION = YES_AGGRESSIVE;
				CLANG_CXX_LANGUAGE_STANDARD = "gnu++20";
				CLANG_ENABLE_MODULES = YES;
				CLANG_ENABLE_OBJC_ARC = YES;
				CLANG_ENABLE_OBJC_WEAK = YES;
				CLANG_WARN_BLOCK_CAPTURE_AUTORELEASING = YES;
				CLANG_WARN_BOOL_CONVERSION = YES;
				CLANG_WARN_COMMA = YES;
				CLANG_WARN_CONSTANT_CONVERSION = YES;
				CLANG_WARN_DEPRECATED_OBJC_IMPLEMENTATIONS = YES;
				CLANG_WARN_DIRECT_OBJC_ISA_USAGE = YES_ERROR;
				CLANG_WARN_DOCUMENTATION_COMMENTS = YES;
				CLANG_WARN_EMPTY_BODY = YES;
				CLANG_WARN_ENUM_CONVERSION = YES;
				CLANG_WARN_INFINITE_RECURSION = YES;
				CLANG_WARN_INT_CONVERSION = YES;
				CLANG_WARN_NON_LITERAL_NULL_CONVERSION = YES;
				CLANG_WARN_OBJC_IMPLICIT_RETAIN_SELF = YES;
				CLANG_WARN_OBJC_LITERAL_CONVERSION = YES;
				CLANG_WARN_OBJC_ROOT_CLASS = YES_ERROR;
				CLANG_WARN_QUOTED_INCLUDE_IN_FRAMEWORK_HEADER = YES;
				CLANG_WARN_RANGE_LOOP_ANALYSIS = YES;
				CLANG_WARN_STRICT_PROTOTYPES = YES;
				CLANG_WARN_SUSPICIOUS_MOVE = YES;
				CLANG_WARN_UNGUARDED_AVAILABILITY = YES_AGGRESSIVE;
				CLANG_WARN_UNREACHABLE_CODE = YES;
				CLANG_WARN__DUPLICATE_METHOD_MATCH = YES;
				COPY_PHASE_STRIP = NO;
				DEBUG_INFORMATION_FORMAT = dwarf;
				ENABLE_STRICT_OBJC_MSGSEND = YES;
				ENABLE_TESTABILITY = YES;
				ENABLE_USER_SCRIPT_SANDBOXING = YES;
				GCC_C_LANGUAGE_STANDARD = gnu17;
				GCC_DYNAMIC_NO_PIC = NO;
				GCC_NO_COMMON_BLOCKS = YES;
				GCC_OPTIMIZATION_LEVEL = 0;
				GCC_PREPROCESSOR_DEFINITIONS = (
					"DEBUG=1",
					"$(inherited)",
				);
				GCC_WARN_64_TO_32_BIT_CONVERSION = YES;
				GCC_WARN_ABOUT_RETURN_TYPE = YES_ERROR;
				GCC_WARN_UNDECLARED_SELECTOR = YES;
				GCC_WARN_UNINITIALIZED_AUTOS = YES_AGGRESSIVE;
				GCC_WARN_UNUSED_FUNCTION = YES;
				GCC_WARN_UNUSED_VARIABLE = YES;
				IPHONEOS_DEPLOYMENT_TARGET = 17.5;
				LOCALIZATION_PREFERS_STRING_CATALOGS = YES;
				MTL_ENABLE_DEBUG_INFO = INCLUDE_SOURCE;
				MTL_FAST_MATH = YES;
				ONLY_ACTIVE_ARCH = YES;
				SDKROOT = iphoneos;
				SWIFT_ACTIVE_COMPILATION_CONDITIONS = "DEBUG $(inherited)";
				SWIFT_OPTIMIZATION_LEVEL = "-Onone";
			};
			name = Debug;
		};
		66B64BF92F3B54B30046DB87 /* Release */ = {
			isa = XCBuildConfiguration;
			buildSettings = {
				ALWAYS_SEARCH_USER_PATHS = NO;
				ASSETCATALOG_COMPILER_GENERATE_SWIFT_ASSET_SYMBOL_EXTENSIONS = YES;
				CLANG_ANALYZER_NONNULL = YES;
				CLANG_ANALYZER_NUMBER_OBJECT_CONVERSION = YES_AGGRESSIVE;
				CLANG_CXX_LANGUAGE_STANDARD = "gnu++20";
				CLANG_ENABLE_MODULES = YES;
				CLANG_ENABLE_OBJC_ARC = YES;
				CLANG_ENABLE_OBJC_WEAK = YES;
				CLANG_WARN_BLOCK_CAPTURE_AUTORELEASING = YES;
				CLANG_WARN_BOOL_CONVERSION = YES;
				CLANG_WARN_COMMA = YES;
				CLANG_WARN_CONSTANT_CONVERSION = YES;
				CLANG_WARN_DEPRECATED_OBJC_IMPLEMENTATIONS = YES;
				CLANG_WARN_DIRECT_OBJC_ISA_USAGE = YES_ERROR;
				CLANG_WARN_DOCUMENTATION_COMMENTS = YES;
				CLANG_WARN_EMPTY_BODY = YES;
				CLANG_WARN_ENUM_CONVERSION = YES;
				CLANG_WARN_INFINITE_RECURSION = YES;
				CLANG_WARN_INT_CONVERSION = YES;
				CLANG_WARN_NON_LITERAL_NULL_CONVERSION = YES;
				CLANG_WARN_OBJC_IMPLICIT_RETAIN_SELF = YES;
				CLANG_WARN_OBJC_LITERAL_CONVERSION = YES;
				CLANG_WARN_OBJC_ROOT_CLASS = YES_ERROR;
				CLANG_WARN_QUOTED_INCLUDE_IN_FRAMEWORK_HEADER = YES;
				CLANG_WARN_RANGE_LOOP_ANALYSIS = YES;
				CLANG_WARN_STRICT_PROTOTYPES = YES;
				CLANG_WARN_SUSPICIOUS_MOVE = YES;
				CLANG_WARN_UNGUARDED_AVAILABILITY = YES_AGGRESSIVE;
				CLANG_WARN_UNREACHABLE_CODE = YES;
				CLANG_WARN__DUPLICATE_METHOD_MATCH = YES;
				COPY_PHASE_STRIP = NO;
				DEBUG_INFORMATION_FORMAT = "dwarf-with-dsym";
				ENABLE_NS_ASSERTIONS = NO;
				ENABLE_STRICT_OBJC_MSGSEND = YES;
				ENABLE_USER_SCRIPT_SANDBOXING = YES;
				GCC_C_LANGUAGE_STANDARD = gnu17;
				GCC_NO_COMMON_BLOCKS = YES;
				GCC_WARN_64_TO_32_BIT_CONVERSION = YES;
				GCC_WARN_ABOUT_RETURN_TYPE = YES_ERROR;
				GCC_WARN_UNDECLARED_SELECTOR = YES;
				GCC_WARN_UNINITIALIZED_AUTOS = YES_AGGRESSIVE;
				GCC_WARN_UNUSED_FUNCTION = YES;
				GCC_WARN_UNUSED_VARIABLE = YES;
				IPHONEOS_DEPLOYMENT_TARGET = 17.5;
				LOCALIZATION_PREFERS_STRING_CATALOGS = YES;
				MTL_ENABLE_DEBUG_INFO = NO;
				MTL_FAST_MATH = YES;
				SDKROOT = iphoneos;
				SWIFT_COMPILATION_MODE = wholemodule;
				VALIDATE_PRODUCT = YES;
			};
			name = Release;
		};
		66B64BFB2F3B54B30046DB87 /* Debug */ = {
			isa = XCBuildConfiguration;
			buildSettings = {
				ALWAYS_EMBED_SWIFT_STANDARD_LIBRARIES = YES;
				ASSETCATALOG_COMPILER_APPICON_NAME = AppIcon;
				ASSETCATALOG_COMPILER_GLOBAL_ACCENT_COLOR_NAME = AccentColor;
				CODE_SIGN_ENTITLEMENTS = MotivationRun/MotivationRun.entitlements;
				CODE_SIGN_IDENTITY = "Apple Development";
				CODE_SIGN_STYLE = Automatic;
				CURRENT_PROJECT_VERSION = 2;
				DEVELOPMENT_ASSET_PATHS = "\"MotivationRun/Preview Content\"";
				DEVELOPMENT_TEAM = VZJYKZ3GSW;
				ENABLE_PREVIEWS = YES;
				GENERATE_INFOPLIST_FILE = YES;
				INFOPLIST_FILE = MotivationRun/Info.plist;
				INFOPLIST_KEY_CFBundleDisplayName = MyMileage;
				INFOPLIST_KEY_UIApplicationSceneManifest_Generation = YES;
				INFOPLIST_KEY_UIApplicationSupportsIndirectInputEvents = YES;
				INFOPLIST_KEY_UILaunchScreen_Generation = YES;
				INFOPLIST_KEY_UISupportedInterfaceOrientations_iPad = "UIInterfaceOrientationPortrait UIInterfaceOrientationPortraitUpsideDown UIInterfaceOrientationLandscapeLeft UIInterfaceOrientationLandscapeRight";
				INFOPLIST_KEY_UISupportedInterfaceOrientations_iPhone = "UIInterfaceOrientationPortrait UIInterfaceOrientationLandscapeLeft UIInterfaceOrientationLandscapeRight";
				LD_RUNPATH_SEARCH_PATHS = (
					"$(inherited)",
					"@executable_path/Frameworks",
				);
				MARKETING_VERSION = 1.0.1;
				PRODUCT_BUNDLE_IDENTIFIER = com.jangkyuju.MotivationRun;
				PRODUCT_NAME = "$(TARGET_NAME)";
				PROVISIONING_PROFILE_SPECIFIER = "";
				SWIFT_EMIT_LOC_STRINGS = YES;
				SWIFT_VERSION = 5.0;
				TARGETED_DEVICE_FAMILY = 1;
			};
			name = Debug;
		};
		66B64BFC2F3B54B30046DB87 /* Release */ = {
			isa = XCBuildConfiguration;
			buildSettings = {
				ALWAYS_EMBED_SWIFT_STANDARD_LIBRARIES = YES;
				ASSETCATALOG_COMPILER_APPICON_NAME = AppIcon;
				ASSETCATALOG_COMPILER_GLOBAL_ACCENT_COLOR_NAME = AccentColor;
				CODE_SIGN_ENTITLEMENTS = MotivationRun/MotivationRun.entitlements;
				CODE_SIGN_IDENTITY = "Apple Development";
				CODE_SIGN_STYLE = Automatic;
				CURRENT_PROJECT_VERSION = 2;
				DEVELOPMENT_ASSET_PATHS = "\"MotivationRun/Preview Content\"";
				DEVELOPMENT_TEAM = VZJYKZ3GSW;
				ENABLE_PREVIEWS = YES;
				GENERATE_INFOPLIST_FILE = YES;
				INFOPLIST_FILE = MotivationRun/Info.plist;
				INFOPLIST_KEY_CFBundleDisplayName = MyMileage;
				INFOPLIST_KEY_UIApplicationSceneManifest_Generation = YES;
				INFOPLIST_KEY_UIApplicationSupportsIndirectInputEvents = YES;
				INFOPLIST_KEY_UILaunchScreen_Generation = YES;
				INFOPLIST_KEY_UISupportedInterfaceOrientations_iPad = "UIInterfaceOrientationPortrait UIInterfaceOrientationPortraitUpsideDown UIInterfaceOrientationLandscapeLeft UIInterfaceOrientationLandscapeRight";
				INFOPLIST_KEY_UISupportedInterfaceOrientations_iPhone = "UIInterfaceOrientationPortrait UIInterfaceOrientationLandscapeLeft UIInterfaceOrientationLandscapeRight";
				LD_RUNPATH_SEARCH_PATHS = (
					"$(inherited)",
					"@executable_path/Frameworks",
				);
				MARKETING_VERSION = 1.0.1;
				PRODUCT_BUNDLE_IDENTIFIER = com.jangkyuju.MotivationRun;
				PRODUCT_NAME = "$(TARGET_NAME)";
				PROVISIONING_PROFILE_SPECIFIER = "";
				SWIFT_EMIT_LOC_STRINGS = YES;
				SWIFT_VERSION = 5.0;
				TARGETED_DEVICE_FAMILY = 1;
			};
			name = Release;
		};
		66B64BFE2F3B54B30046DB87 /* Debug */ = {
			isa = XCBuildConfiguration;
			buildSettings = {
				ALWAYS_EMBED_SWIFT_STANDARD_LIBRARIES = YES;
				BUNDLE_LOADER = "$(TEST_HOST)";
				CODE_SIGN_STYLE = Automatic;
				CURRENT_PROJECT_VERSION = 2;
				DEVELOPMENT_TEAM = VZJYKZ3GSW;
				GENERATE_INFOPLIST_FILE = YES;
				IPHONEOS_DEPLOYMENT_TARGET = 17.5;
				MARKETING_VERSION = 1.0.1;
				PRODUCT_BUNDLE_IDENTIFIER = com.jangkyuju.MotivationRunTests;
				PRODUCT_NAME = "$(TARGET_NAME)";
				SWIFT_EMIT_LOC_STRINGS = NO;
				SWIFT_VERSION = 5.0;
				TARGETED_DEVICE_FAMILY = 1;
				TEST_HOST = "$(BUILT_PRODUCTS_DIR)/MotivationRun.app/$(BUNDLE_EXECUTABLE_FOLDER_PATH)/MotivationRun";
			};
			name = Debug;
		};
		66B64BFF2F3B54B30046DB87 /* Release */ = {
			isa = XCBuildConfiguration;
			buildSettings = {
				ALWAYS_EMBED_SWIFT_STANDARD_LIBRARIES = YES;
				BUNDLE_LOADER = "$(TEST_HOST)";
				CODE_SIGN_STYLE = Automatic;
				CURRENT_PROJECT_VERSION = 2;
				DEVELOPMENT_TEAM = VZJYKZ3GSW;
				GENERATE_INFOPLIST_FILE = YES;
				IPHONEOS_DEPLOYMENT_TARGET = 17.5;
				MARKETING_VERSION = 1.0.1;
				PRODUCT_BUNDLE_IDENTIFIER = com.jangkyuju.MotivationRunTests;
				PRODUCT_NAME = "$(TARGET_NAME)";
				SWIFT_EMIT_LOC_STRINGS = NO;
				SWIFT_VERSION = 5.0;
				TARGETED_DEVICE_FAMILY = 1;
				TEST_HOST = "$(BUILT_PRODUCTS_DIR)/MotivationRun.app/$(BUNDLE_EXECUTABLE_FOLDER_PATH)/MotivationRun";
			};
			name = Release;
		};
		66B64C012F3B54B30046DB87 /* Debug */ = {
			isa = XCBuildConfiguration;
			buildSettings = {
				ALWAYS_EMBED_SWIFT_STANDARD_LIBRARIES = YES;
				CODE_SIGN_STYLE = Automatic;
				CURRENT_PROJECT_VERSION = 2;
				DEVELOPMENT_TEAM = VZJYKZ3GSW;
				GENERATE_INFOPLIST_FILE = YES;
				MARKETING_VERSION = 1.0.1;
				PRODUCT_BUNDLE_IDENTIFIER = com.jangkyuju.MotivationRunUITests;
				PRODUCT_NAME = "$(TARGET_NAME)";
				SWIFT_EMIT_LOC_STRINGS = NO;
				SWIFT_VERSION = 5.0;
				TARGETED_DEVICE_FAMILY = 1;
				TEST_TARGET_NAME = MotivationRun;
			};
			name = Debug;
		};
		66B64C022F3B54B30046DB87 /* Release */ = {
			isa = XCBuildConfiguration;
			buildSettings = {
				ALWAYS_EMBED_SWIFT_STANDARD_LIBRARIES = YES;
				CODE_SIGN_STYLE = Automatic;
				CURRENT_PROJECT_VERSION = 2;
				DEVELOPMENT_TEAM = VZJYKZ3GSW;
				GENERATE_INFOPLIST_FILE = YES;
				MARKETING_VERSION = 1.0.1;
				PRODUCT_BUNDLE_IDENTIFIER = com.jangkyuju.MotivationRunUITests;
				PRODUCT_NAME = "$(TARGET_NAME)";
				SWIFT_EMIT_LOC_STRINGS = NO;
				SWIFT_VERSION = 5.0;
				TARGETED_DEVICE_FAMILY = 1;
				TEST_TARGET_NAME = MotivationRun;
			};
			name = Release;
		};
		66B64C1F2F3EB27F0046DB87 /* Debug */ = {
			isa = XCBuildConfiguration;
			buildSettings = {
				ASSETCATALOG_COMPILER_GLOBAL_ACCENT_COLOR_NAME = AccentColor;
				ASSETCATALOG_COMPILER_WIDGET_BACKGROUND_COLOR_NAME = WidgetBackground;
				CODE_SIGN_ENTITLEMENTS = MotivationRunWidgetExtension.entitlements;
				CODE_SIGN_IDENTITY = "Apple Development";
				CODE_SIGN_STYLE = Automatic;
				CURRENT_PROJECT_VERSION = 2;
				DEVELOPMENT_TEAM = VZJYKZ3GSW;
				GENERATE_INFOPLIST_FILE = YES;
				INFOPLIST_FILE = MotivationRunWidget/Info.plist;
				INFOPLIST_KEY_CFBundleDisplayName = MyMileage;
				INFOPLIST_KEY_NSHumanReadableCopyright = "";
				LD_RUNPATH_SEARCH_PATHS = (
					"$(inherited)",
					"@executable_path/Frameworks",
					"@executable_path/../../Frameworks",
				);
				MARKETING_VERSION = 1.0.1;
				PRODUCT_BUNDLE_IDENTIFIER = com.jangkyuju.MotivationRun.MotivationRunWidget;
				PRODUCT_NAME = "$(TARGET_NAME)";
				PROVISIONING_PROFILE_SPECIFIER = "";
				SKIP_INSTALL = YES;
				SWIFT_EMIT_LOC_STRINGS = YES;
				SWIFT_VERSION = 5.0;
				TARGETED_DEVICE_FAMILY = 1;
			};
			name = Debug;
		};
		66B64C202F3EB27F0046DB87 /* Release */ = {
			isa = XCBuildConfiguration;
			buildSettings = {
				ASSETCATALOG_COMPILER_GLOBAL_ACCENT_COLOR_NAME = AccentColor;
				ASSETCATALOG_COMPILER_WIDGET_BACKGROUND_COLOR_NAME = WidgetBackground;
				CODE_SIGN_ENTITLEMENTS = MotivationRunWidgetExtension.entitlements;
				CODE_SIGN_IDENTITY = "Apple Development";
				CODE_SIGN_STYLE = Automatic;
				CURRENT_PROJECT_VERSION = 2;
				DEVELOPMENT_TEAM = VZJYKZ3GSW;
				GENERATE_INFOPLIST_FILE = YES;
				INFOPLIST_FILE = MotivationRunWidget/Info.plist;
				INFOPLIST_KEY_CFBundleDisplayName = MyMileage;
				INFOPLIST_KEY_NSHumanReadableCopyright = "";
				LD_RUNPATH_SEARCH_PATHS = (
					"$(inherited)",
					"@executable_path/Frameworks",
					"@executable_path/../../Frameworks",
				);
				MARKETING_VERSION = 1.0.1;
				PRODUCT_BUNDLE_IDENTIFIER = com.jangkyuju.MotivationRun.MotivationRunWidget;
				PRODUCT_NAME = "$(TARGET_NAME)";
				PROVISIONING_PROFILE_SPECIFIER = "";
				SKIP_INSTALL = YES;
				SWIFT_EMIT_LOC_STRINGS = YES;
				SWIFT_VERSION = 5.0;
				TARGETED_DEVICE_FAMILY = 1;
			};
			name = Release;
		};
/* End XCBuildConfiguration section */

/* Begin XCConfigurationList section */
		66B64BD12F3B54AD0046DB87 /* Build configuration list for PBXProject "MotivationRun" */ = {
			isa = XCConfigurationList;
			buildConfigurations = (
				66B64BF82F3B54B30046DB87 /* Debug */,
				66B64BF92F3B54B30046DB87 /* Release */,
			);
			defaultConfigurationIsVisible = 0;
			defaultConfigurationName = Release;
		};
		66B64BFA2F3B54B30046DB87 /* Build configuration list for PBXNativeTarget "MotivationRun" */ = {
			isa = XCConfigurationList;
			buildConfigurations = (
				66B64BFB2F3B54B30046DB87 /* Debug */,
				66B64BFC2F3B54B30046DB87 /* Release */,
			);
			defaultConfigurationIsVisible = 0;
			defaultConfigurationName = Release;
		};
		66B64BFD2F3B54B30046DB87 /* Build configuration list for PBXNativeTarget "MotivationRunTests" */ = {
			isa = XCConfigurationList;
			buildConfigurations = (
				66B64BFE2F3B54B30046DB87 /* Debug */,
				66B64BFF2F3B54B30046DB87 /* Release */,
			);
			defaultConfigurationIsVisible = 0;
			defaultConfigurationName = Release;
		};
		66B64C002F3B54B30046DB87 /* Build configuration list for PBXNativeTarget "MotivationRunUITests" */ = {
			isa = XCConfigurationList;
			buildConfigurations = (
				66B64C012F3B54B30046DB87 /* Debug */,
				66B64C022F3B54B30046DB87 /* Release */,
			);
			defaultConfigurationIsVisible = 0;
			defaultConfigurationName = Release;
		};
		66B64C1E2F3EB27F0046DB87 /* Build configuration list for PBXNativeTarget "MotivationRunWidget" */ = {
			isa = XCConfigurationList;
			buildConfigurations = (
				66B64C1F2F3EB27F0046DB87 /* Debug */,
				66B64C202F3EB27F0046DB87 /* Release */,
			);
			defaultConfigurationIsVisible = 0;
			defaultConfigurationName = Release;
		};
/* End XCConfigurationList section */
	};
	rootObject = 66B64BCE2F3B54AD0046DB87 /* Project object */;
}
